
Microsoft Visual Studio Solution File, Format Version 12.00
# Visual Studio Version 16
VisualStudioVersion = 16.0.29306.81
MinimumVisualStudioVersion = 10.0.40219.1
Project("{9A19103F-16F7-4668-BE54-9A1E7A4F7556}") = "WebApplication1", "WebApplication1\WebApplication1.csproj", "{67773393-2C11-4404-BF7A-099177DD4C05}"
EndProject
Project("{9A19103F-16F7-4668-BE54-9A1E7A4F7556}") = "JSONSerializer", "JSONSerializer\JSONSerializer.csproj", "{3B943293-D1B2-4131-B2D5-1EC969F8D955}"
EndProject
Project("{9A19103F-16F7-4668-BE54-9A1E7A4F7556}") = "Simulation", "Simulation\Simulation.csproj", "{807FB7F8-AEF3-49A2-A626-D9766668E4CE}"
EndProject
Project("{9A19103F-16F7-4668-BE54-9A1E7A4F7556}") = "Stat", "Stat\Stat.csproj", "{076D65A0-F893-4BA0-A9F5-0D60E75E58E7}"
EndProject
Global
	GlobalSection(SolutionConfigurationPlatforms) = preSolution
		Debug|Any CPU = Debug|Any CPU
		Release|Any CPU = Release|Any CPU
	EndGlobalSection
	GlobalSection(ProjectConfigurationPlatforms) = postSolution
		{67773393-2C11-4404-BF7A-099177DD4C05}.Debug|Any CPU.ActiveCfg = Debug|Any CPU
		{67773393-2C11-4404-BF7A-099177DD4C05}.Debug|Any CPU.Build.0 = Debug|Any CPU
		{67773393-2C11-4404-BF7A-099177DD4C05}.Release|Any CPU.ActiveCfg = Release|Any CPU
		{67773393-2C11-4404-BF7A-099177DD4C05}.Release|Any CPU.Build.0 = Release|Any CPU
		{3B943293-D1B2-4131-B2D5-1EC969F8D955}.Debug|Any CPU.ActiveCfg = Debug|Any CPU
		{3B943293-D1B2-4131-B2D5-1EC969F8D955}.Debug|Any CPU.Build.0 = Debug|Any CPU
		{3B943293-D1B2-4131-B2D5-1EC969F8D955}.Release|Any CPU.ActiveCfg = Release|Any CPU
		{3B943293-D1B2-4131-B2D5-1EC969F8D955}.Release|Any CPU.Build.0 = Release|Any CPU
		{807FB7F8-AEF3-49A2-A626-D9766668E4CE}.Debug|Any CPU.ActiveCfg = Debug|Any CPU
		{807FB7F8-AEF3-49A2-A626-D9766668E4CE}.Debug|Any CPU.Build.0 = Debug|Any CPU
		{807FB7F8-AEF3-49A2-A626-D9766668E4CE}.Release|Any CPU.ActiveCfg = Release|Any CPU
		{807FB7F8-AEF3-49A2-A626-D9766668E4CE}.Release|Any CPU.Build.0 = Release|Any CPU
		{076D65A0-F893-4BA0-A9F5-0D60E75E58E7}.Debug|Any CPU.ActiveCfg = Debug|Any CPU
		{076D65A0-F893-4BA0-A9F5-0D60E75E58E7}.Debug|Any CPU.Build.0 = Debug|Any CPU
		{076D65A0-F893-4BA0-A9F5-0D60E75E58E7}.Release|Any CPU.ActiveCfg = Release|Any CPU
		{076D65A0-F893-4BA0-A9F5-0D60E75E58E7}.Release|Any CPU.Build.0 = Release|Any CPU
	EndGlobalSection
	GlobalSection(SolutionProperties) = preSolution
		HideSolutionNode = FALSE
	EndGlobalSection
	GlobalSection(ExtensibilityGlobals) = postSolution
		SolutionGuid = {D741E981-7C8D-441A-978F-AC74C380851B}
	EndGlobalSection
EndGlobal
